# This file is automatically @generated by Cargo.
# It is not intended for manual editing.
version = 4

[[package]]
name = "arcaea-viewer-analytics"
version = "0.0.0"
dependencies = [
 "arcaea-viewer-core",
]

[[package]]
name = "arcaea-viewer-core"
version = "0.0.0"

[[package]]
name = "arcaea-viewer-parser"
version = "0.0.0"
dependencies = [
 "arcaea-viewer-core",
]

[[package]]
name = "arcaea-viewer-timing"
version = "0.0.0"
dependencies = [
 "arcaea-viewer-core",
]

[[package]]
name = "arcaea-viewer-wasm"
version = "0.0.0"
dependencies = [
 "arcaea-viewer-core",
]
